
Microsoft Visual Studio Solution File, Format Version 12.00
# Visual Studio Version 16
VisualStudioVersion = 16.0.31702.278
MinimumVisualStudioVersion = 10.0.40219.1
Project("{9A19103F-16F7-4668-BE54-9A1E7A4F7556}") = "MovieListAPI", "MovieListAPI\MovieListAPI.csproj", "{EFBA0F1E-9E01-463E-9D1C-B05CC570A7BC}"
	ProjectSection(ProjectDependencies) = postProject
		{032DA10B-6300-4164-927C-7CF256ADBFC0} = {032DA10B-6300-4164-927C-7CF256ADBFC0}
	EndProjectSection
EndProject
Project("{9A19103F-16F7-4668-BE54-9A1E7A4F7556}") = "MovieList.Persistencia", "MovieList.Persistencia\MovieList.Persistencia.csproj", "{032DA10B-6300-4164-927C-7CF256ADBFC0}"
EndProject
Project("{9A19103F-16F7-4668-BE54-9A1E7A4F7556}") = "MovieList.Core", "MovieList.Core\MovieList.Core.csproj", "{D0DE3827-5991-44CA-9AD9-7308A242F163}"
EndProject
Project("{9A19103F-16F7-4668-BE54-9A1E7A4F7556}") = "MovieList.Domain", "MovieList.Domain\MovieList.Domain.csproj", "{4AB3AAA4-06DC-47E3-A984-D67BD2BCC4E8}"
EndProject
Project("{9A19103F-16F7-4668-BE54-9A1E7A4F7556}") = "MovieListAPI.Test", "MovieListAPI.Test\MovieListAPI.Test.csproj", "{DABC0D04-23F5-450A-AB27-07AB9FE09690}"
EndProject
Global
	GlobalSection(SolutionConfigurationPlatforms) = preSolution
		Debug|Any CPU = Debug|Any CPU
		Release|Any CPU = Release|Any CPU
	EndGlobalSection
	GlobalSection(ProjectConfigurationPlatforms) = postSolution
		{EFBA0F1E-9E01-463E-9D1C-B05CC570A7BC}.Debug|Any CPU.ActiveCfg = Debug|Any CPU
		{EFBA0F1E-9E01-463E-9D1C-B05CC570A7BC}.Debug|Any CPU.Build.0 = Debug|Any CPU
		{EFBA0F1E-9E01-463E-9D1C-B05CC570A7BC}.Release|Any CPU.ActiveCfg = Release|Any CPU
		{EFBA0F1E-9E01-463E-9D1C-B05CC570A7BC}.Release|Any CPU.Build.0 = Release|Any CPU
		{032DA10B-6300-4164-927C-7CF256ADBFC0}.Debug|Any CPU.ActiveCfg = Debug|Any CPU
		{032DA10B-6300-4164-927C-7CF256ADBFC0}.Debug|Any CPU.Build.0 = Debug|Any CPU
		{032DA10B-6300-4164-927C-7CF256ADBFC0}.Release|Any CPU.ActiveCfg = Release|Any CPU
		{032DA10B-6300-4164-927C-7CF256ADBFC0}.Release|Any CPU.Build.0 = Release|Any CPU
		{D0DE3827-5991-44CA-9AD9-7308A242F163}.Debug|Any CPU.ActiveCfg = Debug|Any CPU
		{D0DE3827-5991-44CA-9AD9-7308A242F163}.Debug|Any CPU.Build.0 = Debug|Any CPU
		{D0DE3827-5991-44CA-9AD9-7308A242F163}.Release|Any CPU.ActiveCfg = Release|Any CPU
		{D0DE3827-5991-44CA-9AD9-7308A242F163}.Release|Any CPU.Build.0 = Release|Any CPU
		{4AB3AAA4-06DC-47E3-A984-D67BD2BCC4E8}.Debug|Any CPU.ActiveCfg = Debug|Any CPU
		{4AB3AAA4-06DC-47E3-A984-D67BD2BCC4E8}.Debug|Any CPU.Build.0 = Debug|Any CPU
		{4AB3AAA4-06DC-47E3-A984-D67BD2BCC4E8}.Release|Any CPU.ActiveCfg = Release|Any CPU
		{4AB3AAA4-06DC-47E3-A984-D67BD2BCC4E8}.Release|Any CPU.Build.0 = Release|Any CPU
		{DABC0D04-23F5-450A-AB27-07AB9FE09690}.Debug|Any CPU.ActiveCfg = Debug|Any CPU
		{DABC0D04-23F5-450A-AB27-07AB9FE09690}.Debug|Any CPU.Build.0 = Debug|Any CPU
		{DABC0D04-23F5-450A-AB27-07AB9FE09690}.Release|Any CPU.ActiveCfg = Release|Any CPU
		{DABC0D04-23F5-450A-AB27-07AB9FE09690}.Release|Any CPU.Build.0 = Release|Any CPU
	EndGlobalSection
	GlobalSection(SolutionProperties) = preSolution
		HideSolutionNode = FALSE
	EndGlobalSection
	GlobalSection(ExtensibilityGlobals) = postSolution
		SolutionGuid = {DD2A2831-0079-4A73-9397-441401EBBCFA}
	EndGlobalSection
EndGlobal
